// !$*UTF8*$!
{
	archiveVersion = 1;
	classes = {
	};
	objectVersion = 50;
	objects = {

/* Begin PBXBuildFile section */
		842D5074263A4B740060D853 /* MinuteViewCell.swift in Sources */ = {isa = PBXBuildFile; fileRef = 842D5073263A4B740060D853 /* MinuteViewCell.swift */; };
		842D5078263A53C80060D853 /* Data.swift in Sources */ = {isa = PBXBuildFile; fileRef = 842D5077263A53C80060D853 /* Data.swift */; };
		842D507B263A5E950060D853 /* ColorAndFontExtension.swift in Sources */ = {isa = PBXBuildFile; fileRef = 842D507A263A5E950060D853 /* ColorAndFontExtension.swift */; };
		842ECA42263940A700713882 /* AppDelegate.swift in Sources */ = {isa = PBXBuildFile; fileRef = 842ECA41263940A700713882 /* AppDelegate.swift */; };
		842ECA44263940A700713882 /* SceneDelegate.swift in Sources */ = {isa = PBXBuildFile; fileRef = 842ECA43263940A700713882 /* SceneDelegate.swift */; };
		842ECA46263940A700713882 /* MainController.swift in Sources */ = {isa = PBXBuildFile; fileRef = 842ECA45263940A700713882 /* MainController.swift */; };
		842ECA49263940A700713882 /* Main.storyboard in Resources */ = {isa = PBXBuildFile; fileRef = 842ECA47263940A700713882 /* Main.storyboard */; };
		842ECA4C263940A700713882 /* speak.xcdatamodeld in Sources */ = {isa = PBXBuildFile; fileRef = 842ECA4A263940A700713882 /* speak.xcdatamodeld */; };
		842ECA4E263940A800713882 /* Assets.xcassets in Resources */ = {isa = PBXBuildFile; fileRef = 842ECA4D263940A800713882 /* Assets.xcassets */; };
		842ECA51263940A800713882 /* LaunchScreen.storyboard in Resources */ = {isa = PBXBuildFile; fileRef = 842ECA4F263940A800713882 /* LaunchScreen.storyboard */; };
		842ECA6C263950AE00713882 /* NavController1.swift in Sources */ = {isa = PBXBuildFile; fileRef = 842ECA6B263950AE00713882 /* NavController1.swift */; };
		842ECA822639551A00713882 /* BalooChettan2-Regular.ttf in Resources */ = {isa = PBXBuildFile; fileRef = 842ECA7D2639551A00713882 /* BalooChettan2-Regular.ttf */; };
		842ECA832639551A00713882 /* BalooChettan2-Bold.ttf in Resources */ = {isa = PBXBuildFile; fileRef = 842ECA7E2639551A00713882 /* BalooChettan2-Bold.ttf */; };
		842ECA842639551A00713882 /* BalooChettan2-ExtraBold.ttf in Resources */ = {isa = PBXBuildFile; fileRef = 842ECA7F2639551A00713882 /* BalooChettan2-ExtraBold.ttf */; };
		842ECA852639551A00713882 /* BalooChettan2-Medium.ttf in Resources */ = {isa = PBXBuildFile; fileRef = 842ECA802639551A00713882 /* BalooChettan2-Medium.ttf */; };
		842ECA862639551A00713882 /* BalooChettan2-SemiBold.ttf in Resources */ = {isa = PBXBuildFile; fileRef = 842ECA812639551A00713882 /* BalooChettan2-SemiBold.ttf */; };
		847A1F6626410DF9004BFE6A /* InterjectionRecognizer.mlmodel in Sources */ = {isa = PBXBuildFile; fileRef = 847A1F6526410DF9004BFE6A /* InterjectionRecognizer.mlmodel */; };
		847A1F7426413A28004BFE6A /* resultObserver.swift in Sources */ = {isa = PBXBuildFile; fileRef = 847A1F7326413A28004BFE6A /* resultObserver.swift */; };
		8481F1BD263BB67500EA341E /* MinuteViewController.swift in Sources */ = {isa = PBXBuildFile; fileRef = 8481F1BC263BB67500EA341E /* MinuteViewController.swift */; };
/* End PBXBuildFile section */

/* Begin PBXFileReference section */
		842D5073263A4B740060D853 /* MinuteViewCell.swift */ = {isa = PBXFileReference; lastKnownFileType = sourcecode.swift; path = MinuteViewCell.swift; sourceTree = "<group>"; };
		842D5077263A53C80060D853 /* Data.swift */ = {isa = PBXFileReference; lastKnownFileType = sourcecode.swift; path = Data.swift; sourceTree = "<group>"; };
		842D507A263A5E950060D853 /* ColorAndFontExtension.swift */ = {isa = PBXFileReference; lastKnownFileType = sourcecode.swift; path = ColorAndFontExtension.swift; sourceTree = "<group>"; };
		842ECA3E263940A700713882 /* speak.app */ = {isa = PBXFileReference; explicitFileType = wrapper.application; includeInIndex = 0; path = speak.app; sourceTree = BUILT_PRODUCTS_DIR; };
		842ECA41263940A700713882 /* AppDelegate.swift */ = {isa = PBXFileReference; lastKnownFileType = sourcecode.swift; path = AppDelegate.swift; sourceTree = "<group>"; };
		842ECA43263940A700713882 /* SceneDelegate.swift */ = {isa = PBXFileReference; lastKnownFileType = sourcecode.swift; path = SceneDelegate.swift; sourceTree = "<group>"; };
		842ECA45263940A700713882 /* MainController.swift */ = {isa = PBXFileReference; lastKnownFileType = sourcecode.swift; path = MainController.swift; sourceTree = "<group>"; };
		842ECA48263940A700713882 /* Base */ = {isa = PBXFileReference; lastKnownFileType = file.storyboard; name = Base; path = Base.lproj/Main.storyboard; sourceTree = "<group>"; };
		842ECA4B263940A700713882 /* speak.xcdatamodel */ = {isa = PBXFileReference; lastKnownFileType = wrapper.xcdatamodel; path = speak.xcdatamodel; sourceTree = "<group>"; };
		842ECA4D263940A800713882 /* Assets.xcassets */ = {isa = PBXFileReference; lastKnownFileType = folder.assetcatalog; path = Assets.xcassets; sourceTree = "<group>"; };
		842ECA50263940A800713882 /* Base */ = {isa = PBXFileReference; lastKnownFileType = file.storyboard; name = Base; path = Base.lproj/LaunchScreen.storyboard; sourceTree = "<group>"; };
		842ECA52263940A800713882 /* Info.plist */ = {isa = PBXFileReference; lastKnownFileType = text.plist.xml; path = Info.plist; sourceTree = "<group>"; };
		842ECA6B263950AE00713882 /* NavController1.swift */ = {isa = PBXFileReference; lastKnownFileType = sourcecode.swift; path = NavController1.swift; sourceTree = "<group>"; };
		842ECA7D2639551A00713882 /* BalooChettan2-Regular.ttf */ = {isa = PBXFileReference; lastKnownFileType = file; path = "BalooChettan2-Regular.ttf"; sourceTree = "<group>"; };
		842ECA7E2639551A00713882 /* BalooChettan2-Bold.ttf */ = {isa = PBXFileReference; lastKnownFileType = file; path = "BalooChettan2-Bold.ttf"; sourceTree = "<group>"; };
		842ECA7F2639551A00713882 /* BalooChettan2-ExtraBold.ttf */ = {isa = PBXFileReference; lastKnownFileType = file; path = "BalooChettan2-ExtraBold.ttf"; sourceTree = "<group>"; };
		842ECA802639551A00713882 /* BalooChettan2-Medium.ttf */ = {isa = PBXFileReference; lastKnownFileType = file; path = "BalooChettan2-Medium.ttf"; sourceTree = "<group>"; };
		842ECA812639551A00713882 /* BalooChettan2-SemiBold.ttf */ = {isa = PBXFileReference; lastKnownFileType = file; path = "BalooChettan2-SemiBold.ttf"; sourceTree = "<group>"; };
		847A1F6526410DF9004BFE6A /* InterjectionRecognizer.mlmodel */ = {isa = PBXFileReference; lastKnownFileType = file.mlmodel; path = InterjectionRecognizer.mlmodel; sourceTree = "<group>"; };
		847A1F7326413A28004BFE6A /* resultObserver.swift */ = {isa = PBXFileReference; lastKnownFileType = sourcecode.swift; path = resultObserver.swift; sourceTree = "<group>"; };
		8481F1BC263BB67500EA341E /* MinuteViewController.swift */ = {isa = PBXFileReference; lastKnownFileType = sourcecode.swift; path = MinuteViewController.swift; sourceTree = "<group>"; };
/* End PBXFileReference section */

/* Begin PBXFrameworksBuildPhase section */
		842ECA3B263940A700713882 /* Frameworks */ = {
			isa = PBXFrameworksBuildPhase;
			buildActionMask = 2147483647;
			files = (
			);
			runOnlyForDeploymentPostprocessing = 0;
		};
/* End PBXFrameworksBuildPhase section */

/* Begin PBXGroup section */
		842D5076263A53B90060D853 /* BuildInData */ = {
			isa = PBXGroup;
			children = (
				847A1F6526410DF9004BFE6A /* InterjectionRecognizer.mlmodel */,
				842D5077263A53C80060D853 /* Data.swift */,
				842D507A263A5E950060D853 /* ColorAndFontExtension.swift */,
			);
			path = BuildInData;
			sourceTree = "<group>";
		};
		842ECA35263940A700713882 = {
			isa = PBXGroup;
			children = (
				842ECA40263940A700713882 /* speak */,
				842ECA3F263940A700713882 /* Products */,
			);
			sourceTree = "<group>";
		};
		842ECA3F263940A700713882 /* Products */ = {
			isa = PBXGroup;
			children = (
				842ECA3E263940A700713882 /* speak.app */,
			);
			name = Products;
			sourceTree = "<group>";
		};
		842ECA40263940A700713882 /* speak */ = {
			isa = PBXGroup;
			children = (
				842D5076263A53B90060D853 /* BuildInData */,
				842ECA6E2639548700713882 /* Resources */,
				842ECA5E2639416F00713882 /* Controller */,
				842ECA41263940A700713882 /* AppDelegate.swift */,
				842ECA5D2639412D00713882 /* Storyboard */,
				842ECA43263940A700713882 /* SceneDelegate.swift */,
				842ECA4D263940A800713882 /* Assets.xcassets */,
				842ECA4F263940A800713882 /* LaunchScreen.storyboard */,
				842ECA52263940A800713882 /* Info.plist */,
				842ECA4A263940A700713882 /* speak.xcdatamodeld */,
			);
			path = speak;
			sourceTree = "<group>";
		};
		842ECA5D2639412D00713882 /* Storyboard */ = {
			isa = PBXGroup;
			children = (
				842ECA47263940A700713882 /* Main.storyboard */,
			);
			path = Storyboard;
			sourceTree = "<group>";
		};
		842ECA5E2639416F00713882 /* Controller */ = {
			isa = PBXGroup;
			children = (
				842ECA45263940A700713882 /* MainController.swift */,
				842ECA6B263950AE00713882 /* NavController1.swift */,
				8481F1BC263BB67500EA341E /* MinuteViewController.swift */,
				847A1F7326413A28004BFE6A /* resultObserver.swift */,
				842D5073263A4B740060D853 /* MinuteViewCell.swift */,
			);
			path = Controller;
			sourceTree = "<group>";
		};
		842ECA6E2639548700713882 /* Resources */ = {
			isa = PBXGroup;
			children = (
				842ECA7E2639551A00713882 /* BalooChettan2-Bold.ttf */,
				842ECA7F2639551A00713882 /* BalooChettan2-ExtraBold.ttf */,
				842ECA802639551A00713882 /* BalooChettan2-Medium.ttf */,
				842ECA7D2639551A00713882 /* BalooChettan2-Regular.ttf */,
				842ECA812639551A00713882 /* BalooChettan2-SemiBold.ttf */,
			);
			path = Resources;
			sourceTree = "<group>";
		};
/* End PBXGroup section */

/* Begin PBXNativeTarget section */
		842ECA3D263940A700713882 /* speak */ = {
			isa = PBXNativeTarget;
			buildConfigurationList = 842ECA55263940A800713882 /* Build configuration list for PBXNativeTarget "speak" */;
			buildPhases = (
				842ECA3A263940A700713882 /* Sources */,
				842ECA3B263940A700713882 /* Frameworks */,
				842ECA3C263940A700713882 /* Resources */,
			);
			buildRules = (
			);
			dependencies = (
			);
			name = speak;
			productName = speak;
			productReference = 842ECA3E263940A700713882 /* speak.app */;
			productType = "com.apple.product-type.application";
		};
/* End PBXNativeTarget section */

/* Begin PBXProject section */
		842ECA36263940A700713882 /* Project object */ = {
			isa = PBXProject;
			attributes = {
				LastSwiftUpdateCheck = 1240;
				LastUpgradeCheck = 1240;
				TargetAttributes = {
					842ECA3D263940A700713882 = {
						CreatedOnToolsVersion = 12.4;
					};
				};
			};
			buildConfigurationList = 842ECA39263940A700713882 /* Build configuration list for PBXProject "speak" */;
			compatibilityVersion = "Xcode 9.3";
			developmentRegion = en;
			hasScannedForEncodings = 0;
			knownRegions = (
				en,
				Base,
			);
			mainGroup = 842ECA35263940A700713882;
			productRefGroup = 842ECA3F263940A700713882 /* Products */;
			projectDirPath = "";
			projectRoot = "";
			targets = (
				842ECA3D263940A700713882 /* speak */,
			);
		};
/* End PBXProject section */

/* Begin PBXResourcesBuildPhase section */
		842ECA3C263940A700713882 /* Resources */ = {
			isa = PBXResourcesBuildPhase;
			buildActionMask = 2147483647;
			files = (
				842ECA852639551A00713882 /* BalooChettan2-Medium.ttf in Resources */,
				842ECA51263940A800713882 /* LaunchScreen.storyboard in Resources */,
				842ECA832639551A00713882 /* BalooChettan2-Bold.ttf in Resources */,
				842ECA862639551A00713882 /* BalooChettan2-SemiBold.ttf in Resources */,
				842ECA4E263940A800713882 /* Assets.xcassets in Resources */,
				842ECA842639551A00713882 /* BalooChettan2-ExtraBold.ttf in Resources */,
				842ECA822639551A00713882 /* BalooChettan2-Regular.ttf in Resources */,
				842ECA49263940A700713882 /* Main.storyboard in Resources */,
			);
			runOnlyForDeploymentPostprocessing = 0;
		};
/* End PBXResourcesBuildPhase section */

/* Begin PBXSourcesBuildPhase section */
		842ECA3A263940A700713882 /* Sources */ = {
			isa = PBXSourcesBuildPhase;
			buildActionMask = 2147483647;
			files = (
				842D5078263A53C80060D853 /* Data.swift in Sources */,
				842ECA6C263950AE00713882 /* NavController1.swift in Sources */,
				842ECA46263940A700713882 /* MainController.swift in Sources */,
				842D507B263A5E950060D853 /* ColorAndFontExtension.swift in Sources */,
				842ECA42263940A700713882 /* AppDelegate.swift in Sources */,
				842ECA4C263940A700713882 /* speak.xcdatamodeld in Sources */,
				847A1F7426413A28004BFE6A /* resultObserver.swift in Sources */,
				847A1F6626410DF9004BFE6A /* InterjectionRecognizer.mlmodel in Sources */,
				842D5074263A4B740060D853 /* MinuteViewCell.swift in Sources */,
				8481F1BD263BB67500EA341E /* MinuteViewController.swift in Sources */,
				842ECA44263940A700713882 /* SceneDelegate.swift in Sources */,
			);
			runOnlyForDeploymentPostprocessing = 0;
		};
/* End PBXSourcesBuildPhase section */

/* Begin PBXVariantGroup section */
		842ECA47263940A700713882 /* Main.storyboard */ = {
			isa = PBXVariantGroup;
			children = (
				842ECA48263940A700713882 /* Base */,
			);
			name = Main.storyboard;
			sourceTree = "<group>";
		};
		842ECA4F263940A800713882 /* LaunchScreen.storyboard */ = {
			isa = PBXVariantGroup;
			children = (
				842ECA50263940A800713882 /* Base */,
			);
			name = LaunchScreen.storyboard;
			sourceTree = "<group>";
		};
/* End PBXVariantGroup section */

/* Begin XCBuildConfiguration section */
		842ECA53263940A800713882 /* Debug */ = {
			isa = XCBuildConfiguration;
			buildSettings = {
				ALWAYS_SEARCH_USER_PATHS = NO;
				CLANG_ANALYZER_NONNULL = YES;
				CLANG_ANALYZER_NUMBER_OBJECT_CONVERSION = YES_AGGRESSIVE;
				CLANG_CXX_LANGUAGE_STANDARD = "gnu++14";
				CLANG_CXX_LIBRARY = "libc++";
				CLANG_ENABLE_MODULES = YES;
				CLANG_ENABLE_OBJC_ARC = YES;
				CLANG_ENABLE_OBJC_WEAK = YES;
				CLANG_WARN_BLOCK_CAPTURE_AUTORELEASING = YES;
				CLANG_WARN_BOOL_CONVERSION = YES;
				CLANG_WARN_COMMA = YES;
				CLANG_WARN_CONSTANT_CONVERSION = YES;
				CLANG_WARN_DEPRECATED_OBJC_IMPLEMENTATIONS = YES;
				CLANG_WARN_DIRECT_OBJC_ISA_USAGE = YES_ERROR;
				CLANG_WARN_DOCUMENTATION_COMMENTS = YES;
				CLANG_WARN_EMPTY_BODY = YES;
				CLANG_WARN_ENUM_CONVERSION = YES;
				CLANG_WARN_INFINITE_RECURSION = YES;
				CLANG_WARN_INT_CONVERSION = YES;
				CLANG_WARN_NON_LITERAL_NULL_CONVERSION = YES;
				CLANG_WARN_OBJC_IMPLICIT_RETAIN_SELF = YES;
				CLANG_WARN_OBJC_LITERAL_CONVERSION = YES;
				CLANG_WARN_OBJC_ROOT_CLASS = YES_ERROR;
				CLANG_WARN_QUOTED_INCLUDE_IN_FRAMEWORK_HEADER = YES;
				CLANG_WARN_RANGE_LOOP_ANALYSIS = YES;
				CLANG_WARN_STRICT_PROTOTYPES = YES;
				CLANG_WARN_SUSPICIOUS_MOVE = YES;
				CLANG_WARN_UNGUARDED_AVAILABILITY = YES_AGGRESSIVE;
				CLANG_WARN_UNREACHABLE_CODE = YES;
				CLANG_WARN__DUPLICATE_METHOD_MATCH = YES;
				COPY_PHASE_STRIP = NO;
				DEBUG_INFORMATION_FORMAT = dwarf;
				ENABLE_STRICT_OBJC_MSGSEND = YES;
				ENABLE_TESTABILITY = YES;
				GCC_C_LANGUAGE_STANDARD = gnu11;
				GCC_DYNAMIC_NO_PIC = NO;
				GCC_NO_COMMON_BLOCKS = YES;
				GCC_OPTIMIZATION_LEVEL = 0;
				GCC_PREPROCESSOR_DEFINITIONS = (
					"DEBUG=1",
					"$(inherited)",
				);
				GCC_WARN_64_TO_32_BIT_CONVERSION = YES;
				GCC_WARN_ABOUT_RETURN_TYPE = YES_ERROR;
				GCC_WARN_UNDECLARED_SELECTOR = YES;
				GCC_WARN_UNINITIALIZED_AUTOS = YES_AGGRESSIVE;
				GCC_WARN_UNUSED_FUNCTION = YES;
				GCC_WARN_UNUSED_VARIABLE = YES;
				IPHONEOS_DEPLOYMENT_TARGET = 14.4;
				MTL_ENABLE_DEBUG_INFO = INCLUDE_SOURCE;
				MTL_FAST_MATH = YES;
				ONLY_ACTIVE_ARCH = YES;
				SDKROOT = iphoneos;
				SWIFT_ACTIVE_COMPILATION_CONDITIONS = DEBUG;
				SWIFT_OPTIMIZATION_LEVEL = "-Onone";
			};
			name = Debug;
		};
		842ECA54263940A800713882 /* Release */ = {
			isa = XCBuildConfiguration;
			buildSettings = {
				ALWAYS_SEARCH_USER_PATHS = NO;
				CLANG_ANALYZER_NONNULL = YES;
				CLANG_ANALYZER_NUMBER_OBJECT_CONVERSION = YES_AGGRESSIVE;
				CLANG_CXX_LANGUAGE_STANDARD = "gnu++14";
				CLANG_CXX_LIBRARY = "libc++";
				CLANG_ENABLE_MODULES = YES;
				CLANG_ENABLE_OBJC_ARC = YES;
				CLANG_ENABLE_OBJC_WEAK = YES;
				CLANG_WARN_BLOCK_CAPTURE_AUTORELEASING = YES;
				CLANG_WARN_BOOL_CONVERSION = YES;
				CLANG_WARN_COMMA = YES;
				CLANG_WARN_CONSTANT_CONVERSION = YES;
				CLANG_WARN_DEPRECATED_OBJC_IMPLEMENTATIONS = YES;
				CLANG_WARN_DIRECT_OBJC_ISA_USAGE = YES_ERROR;
				CLANG_WARN_DOCUMENTATION_COMMENTS = YES;
				CLANG_WARN_EMPTY_BODY = YES;
				CLANG_WARN_ENUM_CONVERSION = YES;
				CLANG_WARN_INFINITE_RECURSION = YES;
				CLANG_WARN_INT_CONVERSION = YES;
				CLANG_WARN_NON_LITERAL_NULL_CONVERSION = YES;
				CLANG_WARN_OBJC_IMPLICIT_RETAIN_SELF = YES;
				CLANG_WARN_OBJC_LITERAL_CONVERSION = YES;
				CLANG_WARN_OBJC_ROOT_CLASS = YES_ERROR;
				CLANG_WARN_QUOTED_INCLUDE_IN_FRAMEWORK_HEADER = YES;
				CLANG_WARN_RANGE_LOOP_ANALYSIS = YES;
				CLANG_WARN_STRICT_PROTOTYPES = YES;
				CLANG_WARN_SUSPICIOUS_MOVE = YES;
				CLANG_WARN_UNGUARDED_AVAILABILITY = YES_AGGRESSIVE;
				CLANG_WARN_UNREACHABLE_CODE = YES;
				CLANG_WARN__DUPLICATE_METHOD_MATCH = YES;
				COPY_PHASE_STRIP = NO;
				DEBUG_INFORMATION_FORMAT = "dwarf-with-dsym";
				ENABLE_NS_ASSERTIONS = NO;
				ENABLE_STRICT_OBJC_MSGSEND = YES;
				GCC_C_LANGUAGE_STANDARD = gnu11;
				GCC_NO_COMMON_BLOCKS = YES;
				GCC_WARN_64_TO_32_BIT_CONVERSION = YES;
				GCC_WARN_ABOUT_RETURN_TYPE = YES_ERROR;
				GCC_WARN_UNDECLARED_SELECTOR = YES;
				GCC_WARN_UNINITIALIZED_AUTOS = YES_AGGRESSIVE;
				GCC_WARN_UNUSED_FUNCTION = YES;
				GCC_WARN_UNUSED_VARIABLE = YES;
				IPHONEOS_DEPLOYMENT_TARGET = 14.4;
				MTL_ENABLE_DEBUG_INFO = NO;
				MTL_FAST_MATH = YES;
				SDKROOT = iphoneos;
				SWIFT_COMPILATION_MODE = wholemodule;
				SWIFT_OPTIMIZATION_LEVEL = "-O";
				VALIDATE_PRODUCT = YES;
			};
			name = Release;
		};
		842ECA56263940A800713882 /* Debug */ = {
			isa = XCBuildConfiguration;
			buildSettings = {
				ASSETCATALOG_COMPILER_APPICON_NAME = AppIcon;
				ASSETCATALOG_COMPILER_GLOBAL_ACCENT_COLOR_NAME = AccentColor;
				CODE_SIGN_STYLE = Automatic;
				DEVELOPMENT_TEAM = 4VPAMPVXLJ;
				INFOPLIST_FILE = speak/Info.plist;
				LD_RUNPATH_SEARCH_PATHS = (
					"$(inherited)",
					"@executable_path/Frameworks",
				);
				PRODUCT_BUNDLE_IDENTIFIER = com.anyacreate.speak;
				PRODUCT_NAME = "$(TARGET_NAME)";
				SWIFT_VERSION = 5.0;
				TARGETED_DEVICE_FAMILY = "1,2";
			};
			name = Debug;
		};
		842ECA57263940A800713882 /* Release */ = {
			isa = XCBuildConfiguration;
			buildSettings = {
				ASSETCATALOG_COMPILER_APPICON_NAME = AppIcon;
				ASSETCATALOG_COMPILER_GLOBAL_ACCENT_COLOR_NAME = AccentColor;
				CODE_SIGN_STYLE = Automatic;
				DEVELOPMENT_TEAM = 4VPAMPVXLJ;
				INFOPLIST_FILE = speak/Info.plist;
				LD_RUNPATH_SEARCH_PATHS = (
					"$(inherited)",
					"@executable_path/Frameworks",
				);
				PRODUCT_BUNDLE_IDENTIFIER = com.anyacreate.speak;
				PRODUCT_NAME = "$(TARGET_NAME)";
				SWIFT_VERSION = 5.0;
				TARGETED_DEVICE_FAMILY = "1,2";
			};
			name = Release;
		};
/* End XCBuildConfiguration section */

/* Begin XCConfigurationList section */
		842ECA39263940A700713882 /* Build configuration list for PBXProject "speak" */ = {
			isa = XCConfigurationList;
			buildConfigurations = (
				842ECA53263940A800713882 /* Debug */,
				842ECA54263940A800713882 /* Release */,
			);
			defaultConfigurationIsVisible = 0;
			defaultConfigurationName = Release;
		};
		842ECA55263940A800713882 /* Build configuration list for PBXNativeTarget "speak" */ = {
			isa = XCConfigurationList;
			buildConfigurations = (
				842ECA56263940A800713882 /* Debug */,
				842ECA57263940A800713882 /* Release */,
			);
			defaultConfigurationIsVisible = 0;
			defaultConfigurationName = Release;
		};
/* End XCConfigurationList section */

/* Begin XCVersionGroup section */
		842ECA4A263940A700713882 /* speak.xcdatamodeld */ = {
			isa = XCVersionGroup;
			children = (
				842ECA4B263940A700713882 /* speak.xcdatamodel */,
			);
			currentVersion = 842ECA4B263940A700713882 /* speak.xcdatamodel */;
			path = speak.xcdatamodeld;
			sourceTree = "<group>";
			versionGroupType = wrapper.xcdatamodel;
		};
/* End XCVersionGroup section */
	};
	rootObject = 842ECA36263940A700713882 /* Project object */;
}
